
Microsoft Visual Studio Solution File, Format Version 12.00
# Visual Studio Version 16
VisualStudioVersion = 16.0.29209.62
MinimumVisualStudioVersion = 10.0.40219.1
Project("{FAE04EC0-301F-11D3-BF4B-00C04F79EFBC}") = "SatSim", "SatSim\SatSim.csproj", "{C671B8C7-AB08-46F2-B8B3-F790B5973D24}"
EndProject
Project("{FAE04EC0-301F-11D3-BF4B-00C04F79EFBC}") = "HostingWPFUserControl", "HostingWPFUserControl\HostingWPFUserControl.csproj", "{560FEDBE-6D60-42B3-B321-A50979F4A249}"
EndProject
Project("{FAE04EC0-301F-11D3-BF4B-00C04F79EFBC}") = "Surfaces", "Surfaces\Surfaces.csproj", "{80EE383C-DB1B-4D2D-BF14-4A97FFF0A823}"
EndProject
Global
	GlobalSection(SolutionConfigurationPlatforms) = preSolution
		Debug|Any CPU = Debug|Any CPU
		Release|Any CPU = Release|Any CPU
	EndGlobalSection
	GlobalSection(ProjectConfigurationPlatforms) = postSolution
		{C671B8C7-AB08-46F2-B8B3-F790B5973D24}.Debug|Any CPU.ActiveCfg = Debug|Any CPU
		{C671B8C7-AB08-46F2-B8B3-F790B5973D24}.Debug|Any CPU.Build.0 = Debug|Any CPU
		{C671B8C7-AB08-46F2-B8B3-F790B5973D24}.Release|Any CPU.ActiveCfg = Release|Any CPU
		{C671B8C7-AB08-46F2-B8B3-F790B5973D24}.Release|Any CPU.Build.0 = Release|Any CPU
		{560FEDBE-6D60-42B3-B321-A50979F4A249}.Debug|Any CPU.ActiveCfg = Debug|Any CPU
		{560FEDBE-6D60-42B3-B321-A50979F4A249}.Debug|Any CPU.Build.0 = Debug|Any CPU
		{560FEDBE-6D60-42B3-B321-A50979F4A249}.Release|Any CPU.ActiveCfg = Release|Any CPU
		{560FEDBE-6D60-42B3-B321-A50979F4A249}.Release|Any CPU.Build.0 = Release|Any CPU
		{80EE383C-DB1B-4D2D-BF14-4A97FFF0A823}.Debug|Any CPU.ActiveCfg = Debug|Any CPU
		{80EE383C-DB1B-4D2D-BF14-4A97FFF0A823}.Debug|Any CPU.Build.0 = Debug|Any CPU
		{80EE383C-DB1B-4D2D-BF14-4A97FFF0A823}.Release|Any CPU.ActiveCfg = Release|Any CPU
		{80EE383C-DB1B-4D2D-BF14-4A97FFF0A823}.Release|Any CPU.Build.0 = Release|Any CPU
	EndGlobalSection
	GlobalSection(SolutionProperties) = preSolution
		HideSolutionNode = FALSE
	EndGlobalSection
	GlobalSection(ExtensibilityGlobals) = postSolution
		SolutionGuid = {9630DF9B-8111-4E37-9E02-634387AD15D1}
	EndGlobalSection
EndGlobal
